// !$*UTF8*$!
{
	archiveVersion = 1;
	classes = {
	};
	objectVersion = 50;
	objects = {

/* Begin PBXBuildFile section */
		652F303421FA0BB1005E85FA /* NewsListViewController.swift in Sources */ = {isa = PBXBuildFile; fileRef = 652F303321FA0BB1005E85FA /* NewsListViewController.swift */; };
		652F303621FA0BC5005E85FA /* NewsListViewModel.swift in Sources */ = {isa = PBXBuildFile; fileRef = 652F303521FA0BC5005E85FA /* NewsListViewModel.swift */; };
		652F303821FA0BD9005E85FA /* NewsListView.xib in Resources */ = {isa = PBXBuildFile; fileRef = 652F303721FA0BD9005E85FA /* NewsListView.xib */; };
		652F303A21FA0BE9005E85FA /* NewsListView.swift in Sources */ = {isa = PBXBuildFile; fileRef = 652F303921FA0BE9005E85FA /* NewsListView.swift */; };
		656B30F821FA041100591F4C /* AppDelegate.swift in Sources */ = {isa = PBXBuildFile; fileRef = 656B30F721FA041100591F4C /* AppDelegate.swift */; };
		656B30FA21FA041100591F4C /* MainViewController.swift in Sources */ = {isa = PBXBuildFile; fileRef = 656B30F921FA041100591F4C /* MainViewController.swift */; };
		656B30FF21FA041200591F4C /* Assets.xcassets in Resources */ = {isa = PBXBuildFile; fileRef = 656B30FE21FA041200591F4C /* Assets.xcassets */; };
		656B310B21FA046700591F4C /* MainViewModel.swift in Sources */ = {isa = PBXBuildFile; fileRef = 656B310A21FA046700591F4C /* MainViewModel.swift */; };
		656B310D21FA047300591F4C /* MainView.xib in Resources */ = {isa = PBXBuildFile; fileRef = 656B310C21FA047300591F4C /* MainView.xib */; };
		656B310F21FA048300591F4C /* MainView.swift in Sources */ = {isa = PBXBuildFile; fileRef = 656B310E21FA048300591F4C /* MainView.swift */; };
		656B311421FA073B00591F4C /* WolmoCore.framework in Frameworks */ = {isa = PBXBuildFile; fileRef = 656B311321FA073B00591F4C /* WolmoCore.framework */; };
		656B311621FA075300591F4C /* WolmoCore.framework in CopyFiles */ = {isa = PBXBuildFile; fileRef = 656B311321FA073B00591F4C /* WolmoCore.framework */; settings = {ATTRIBUTES = (CodeSignOnCopy, RemoveHeadersOnCopy, ); }; };
		656B311921FA083400591F4C /* UIImageView + load.swift in Sources */ = {isa = PBXBuildFile; fileRef = 656B311821FA083400591F4C /* UIImageView + load.swift */; };
/* End PBXBuildFile section */

/* Begin PBXCopyFilesBuildPhase section */
		656B311521FA074800591F4C /* CopyFiles */ = {
			isa = PBXCopyFilesBuildPhase;
			buildActionMask = 2147483647;
			dstPath = "";
			dstSubfolderSpec = 10;
			files = (
				656B311621FA075300591F4C /* WolmoCore.framework in CopyFiles */,
			);
			runOnlyForDeploymentPostprocessing = 0;
		};
/* End PBXCopyFilesBuildPhase section */

/* Begin PBXFileReference section */
		652F303321FA0BB1005E85FA /* NewsListViewController.swift */ = {isa = PBXFileReference; lastKnownFileType = sourcecode.swift; path = NewsListViewController.swift; sourceTree = "<group>"; };
		652F303521FA0BC5005E85FA /* NewsListViewModel.swift */ = {isa = PBXFileReference; lastKnownFileType = sourcecode.swift; path = NewsListViewModel.swift; sourceTree = "<group>"; };
		652F303721FA0BD9005E85FA /* NewsListView.xib */ = {isa = PBXFileReference; lastKnownFileType = file.xib; path = NewsListView.xib; sourceTree = "<group>"; };
		652F303921FA0BE9005E85FA /* NewsListView.swift */ = {isa = PBXFileReference; lastKnownFileType = sourcecode.swift; path = NewsListView.swift; sourceTree = "<group>"; };
		656B30F421FA041100591F4C /* MeetupApp.app */ = {isa = PBXFileReference; explicitFileType = wrapper.application; includeInIndex = 0; path = MeetupApp.app; sourceTree = BUILT_PRODUCTS_DIR; };
		656B30F721FA041100591F4C /* AppDelegate.swift */ = {isa = PBXFileReference; lastKnownFileType = sourcecode.swift; path = AppDelegate.swift; sourceTree = "<group>"; };
		656B30F921FA041100591F4C /* MainViewController.swift */ = {isa = PBXFileReference; lastKnownFileType = sourcecode.swift; path = MainViewController.swift; sourceTree = "<group>"; };
		656B30FE21FA041200591F4C /* Assets.xcassets */ = {isa = PBXFileReference; lastKnownFileType = folder.assetcatalog; path = Assets.xcassets; sourceTree = "<group>"; };
		656B310321FA041200591F4C /* Info.plist */ = {isa = PBXFileReference; lastKnownFileType = text.plist.xml; path = Info.plist; sourceTree = "<group>"; };
		656B310A21FA046700591F4C /* MainViewModel.swift */ = {isa = PBXFileReference; lastKnownFileType = sourcecode.swift; path = MainViewModel.swift; sourceTree = "<group>"; };
		656B310C21FA047300591F4C /* MainView.xib */ = {isa = PBXFileReference; lastKnownFileType = file.xib; path = MainView.xib; sourceTree = "<group>"; };
		656B310E21FA048300591F4C /* MainView.swift */ = {isa = PBXFileReference; lastKnownFileType = sourcecode.swift; path = MainView.swift; sourceTree = "<group>"; };
		656B311321FA073B00591F4C /* WolmoCore.framework */ = {isa = PBXFileReference; lastKnownFileType = wrapper.framework; name = WolmoCore.framework; path = Carthage/Build/iOS/WolmoCore.framework; sourceTree = "<group>"; };
		656B311821FA083400591F4C /* UIImageView + load.swift */ = {isa = PBXFileReference; lastKnownFileType = sourcecode.swift; path = "UIImageView + load.swift"; sourceTree = "<group>"; };
/* End PBXFileReference section */

/* Begin PBXFrameworksBuildPhase section */
		656B30F121FA041100591F4C /* Frameworks */ = {
			isa = PBXFrameworksBuildPhase;
			buildActionMask = 2147483647;
			files = (
				656B311421FA073B00591F4C /* WolmoCore.framework in Frameworks */,
			);
			runOnlyForDeploymentPostprocessing = 0;
		};
/* End PBXFrameworksBuildPhase section */

/* Begin PBXGroup section */
		652F303221FA0B94005E85FA /* NewsList */ = {
			isa = PBXGroup;
			children = (
				652F303321FA0BB1005E85FA /* NewsListViewController.swift */,
				652F303521FA0BC5005E85FA /* NewsListViewModel.swift */,
				652F303721FA0BD9005E85FA /* NewsListView.xib */,
				652F303921FA0BE9005E85FA /* NewsListView.swift */,
			);
			path = NewsList;
			sourceTree = "<group>";
		};
		656B30EB21FA041100591F4C = {
			isa = PBXGroup;
			children = (
				656B30F621FA041100591F4C /* MeetupApp */,
				656B30F521FA041100591F4C /* Products */,
				656B311221FA073B00591F4C /* Frameworks */,
			);
			sourceTree = "<group>";
		};
		656B30F521FA041100591F4C /* Products */ = {
			isa = PBXGroup;
			children = (
				656B30F421FA041100591F4C /* MeetupApp.app */,
			);
			name = Products;
			sourceTree = "<group>";
		};
		656B30F621FA041100591F4C /* MeetupApp */ = {
			isa = PBXGroup;
			children = (
				656B310921FA043E00591F4C /* Main */,
				652F303221FA0B94005E85FA /* NewsList */,
				656B311721FA081600591F4C /* Extensions */,
				656B30F721FA041100591F4C /* AppDelegate.swift */,
				656B30FE21FA041200591F4C /* Assets.xcassets */,
				656B310321FA041200591F4C /* Info.plist */,
			);
			path = MeetupApp;
			sourceTree = "<group>";
		};
		656B310921FA043E00591F4C /* Main */ = {
			isa = PBXGroup;
			children = (
				656B30F921FA041100591F4C /* MainViewController.swift */,
				656B310A21FA046700591F4C /* MainViewModel.swift */,
				656B310C21FA047300591F4C /* MainView.xib */,
				656B310E21FA048300591F4C /* MainView.swift */,
			);
			path = Main;
			sourceTree = "<group>";
		};
		656B311221FA073B00591F4C /* Frameworks */ = {
			isa = PBXGroup;
			children = (
				656B311321FA073B00591F4C /* WolmoCore.framework */,
			);
			name = Frameworks;
			sourceTree = "<group>";
		};
		656B311721FA081600591F4C /* Extensions */ = {
			isa = PBXGroup;
			children = (
				656B311821FA083400591F4C /* UIImageView + load.swift */,
			);
			path = Extensions;
			sourceTree = "<group>";
		};
/* End PBXGroup section */

/* Begin PBXNativeTarget section */
		656B30F321FA041100591F4C /* MeetupApp */ = {
			isa = PBXNativeTarget;
			buildConfigurationList = 656B310621FA041200591F4C /* Build configuration list for PBXNativeTarget "MeetupApp" */;
			buildPhases = (
				656B30F021FA041100591F4C /* Sources */,
				656B30F121FA041100591F4C /* Frameworks */,
				656B30F221FA041100591F4C /* Resources */,
				656B311521FA074800591F4C /* CopyFiles */,
			);
			buildRules = (
			);
			dependencies = (
			);
			name = MeetupApp;
			productName = MeetupApp;
			productReference = 656B30F421FA041100591F4C /* MeetupApp.app */;
			productType = "com.apple.product-type.application";
		};
/* End PBXNativeTarget section */

/* Begin PBXProject section */
		656B30EC21FA041100591F4C /* Project object */ = {
			isa = PBXProject;
			attributes = {
				LastSwiftUpdateCheck = 1010;
				LastUpgradeCheck = 1010;
				ORGANIZATIONNAME = Wolox;
				TargetAttributes = {
					656B30F321FA041100591F4C = {
						CreatedOnToolsVersion = 10.1;
					};
				};
			};
			buildConfigurationList = 656B30EF21FA041100591F4C /* Build configuration list for PBXProject "MeetupApp" */;
			compatibilityVersion = "Xcode 9.3";
			developmentRegion = en;
			hasScannedForEncodings = 0;
			knownRegions = (
				en,
				Base,
			);
			mainGroup = 656B30EB21FA041100591F4C;
			productRefGroup = 656B30F521FA041100591F4C /* Products */;
			projectDirPath = "";
			projectRoot = "";
			targets = (
				656B30F321FA041100591F4C /* MeetupApp */,
			);
		};
/* End PBXProject section */

/* Begin PBXResourcesBuildPhase section */
		656B30F221FA041100591F4C /* Resources */ = {
			isa = PBXResourcesBuildPhase;
			buildActionMask = 2147483647;
			files = (
				656B30FF21FA041200591F4C /* Assets.xcassets in Resources */,
				652F303821FA0BD9005E85FA /* NewsListView.xib in Resources */,
				656B310D21FA047300591F4C /* MainView.xib in Resources */,
			);
			runOnlyForDeploymentPostprocessing = 0;
		};
/* End PBXResourcesBuildPhase section */

/* Begin PBXSourcesBuildPhase section */
		656B30F021FA041100591F4C /* Sources */ = {
			isa = PBXSourcesBuildPhase;
			buildActionMask = 2147483647;
			files = (
				656B30FA21FA041100591F4C /* MainViewController.swift in Sources */,
				652F303A21FA0BE9005E85FA /* NewsListView.swift in Sources */,
				652F303621FA0BC5005E85FA /* NewsListViewModel.swift in Sources */,
				656B310F21FA048300591F4C /* MainView.swift in Sources */,
				656B30F821FA041100591F4C /* AppDelegate.swift in Sources */,
				652F303421FA0BB1005E85FA /* NewsListViewController.swift in Sources */,
				656B310B21FA046700591F4C /* MainViewModel.swift in Sources */,
				656B311921FA083400591F4C /* UIImageView + load.swift in Sources */,
			);
			runOnlyForDeploymentPostprocessing = 0;
		};
/* End PBXSourcesBuildPhase section */

/* Begin XCBuildConfiguration section */
		656B310421FA041200591F4C /* Debug */ = {
			isa = XCBuildConfiguration;
			buildSettings = {
				ALWAYS_SEARCH_USER_PATHS = NO;
				CLANG_ANALYZER_NONNULL = YES;
				CLANG_ANALYZER_NUMBER_OBJECT_CONVERSION = YES_AGGRESSIVE;
				CLANG_CXX_LANGUAGE_STANDARD = "gnu++14";
				CLANG_CXX_LIBRARY = "libc++";
				CLANG_ENABLE_MODULES = YES;
				CLANG_ENABLE_OBJC_ARC = YES;
				CLANG_ENABLE_OBJC_WEAK = YES;
				CLANG_WARN_BLOCK_CAPTURE_AUTORELEASING = YES;
				CLANG_WARN_BOOL_CONVERSION = YES;
				CLANG_WARN_COMMA = YES;
				CLANG_WARN_CONSTANT_CONVERSION = YES;
				CLANG_WARN_DEPRECATED_OBJC_IMPLEMENTATIONS = YES;
				CLANG_WARN_DIRECT_OBJC_ISA_USAGE = YES_ERROR;
				CLANG_WARN_DOCUMENTATION_COMMENTS = YES;
				CLANG_WARN_EMPTY_BODY = YES;
				CLANG_WARN_ENUM_CONVERSION = YES;
				CLANG_WARN_INFINITE_RECURSION = YES;
				CLANG_WARN_INT_CONVERSION = YES;
				CLANG_WARN_NON_LITERAL_NULL_CONVERSION = YES;
				CLANG_WARN_OBJC_IMPLICIT_RETAIN_SELF = YES;
				CLANG_WARN_OBJC_LITERAL_CONVERSION = YES;
				CLANG_WARN_OBJC_ROOT_CLASS = YES_ERROR;
				CLANG_WARN_RANGE_LOOP_ANALYSIS = YES;
				CLANG_WARN_STRICT_PROTOTYPES = YES;
				CLANG_WARN_SUSPICIOUS_MOVE = YES;
				CLANG_WARN_UNGUARDED_AVAILABILITY = YES_AGGRESSIVE;
				CLANG_WARN_UNREACHABLE_CODE = YES;
				CLANG_WARN__DUPLICATE_METHOD_MATCH = YES;
				CODE_SIGN_IDENTITY = "iPhone Developer";
				COPY_PHASE_STRIP = NO;
				DEBUG_INFORMATION_FORMAT = dwarf;
				ENABLE_STRICT_OBJC_MSGSEND = YES;
				ENABLE_TESTABILITY = YES;
				GCC_C_LANGUAGE_STANDARD = gnu11;
				GCC_DYNAMIC_NO_PIC = NO;
				GCC_NO_COMMON_BLOCKS = YES;
				GCC_OPTIMIZATION_LEVEL = 0;
				GCC_PREPROCESSOR_DEFINITIONS = (
					"DEBUG=1",
					"$(inherited)",
				);
				GCC_WARN_64_TO_32_BIT_CONVERSION = YES;
				GCC_WARN_ABOUT_RETURN_TYPE = YES_ERROR;
				GCC_WARN_UNDECLARED_SELECTOR = YES;
				GCC_WARN_UNINITIALIZED_AUTOS = YES_AGGRESSIVE;
				GCC_WARN_UNUSED_FUNCTION = YES;
				GCC_WARN_UNUSED_VARIABLE = YES;
				IPHONEOS_DEPLOYMENT_TARGET = 12.1;
				MTL_ENABLE_DEBUG_INFO = INCLUDE_SOURCE;
				MTL_FAST_MATH = YES;
				ONLY_ACTIVE_ARCH = YES;
				SDKROOT = iphoneos;
				SWIFT_ACTIVE_COMPILATION_CONDITIONS = DEBUG;
				SWIFT_OPTIMIZATION_LEVEL = "-Onone";
			};
			name = Debug;
		};
		656B310521FA041200591F4C /* Release */ = {
			isa = XCBuildConfiguration;
			buildSettings = {
				ALWAYS_SEARCH_USER_PATHS = NO;
				CLANG_ANALYZER_NONNULL = YES;
				CLANG_ANALYZER_NUMBER_OBJECT_CONVERSION = YES_AGGRESSIVE;
				CLANG_CXX_LANGUAGE_STANDARD = "gnu++14";
				CLANG_CXX_LIBRARY = "libc++";
				CLANG_ENABLE_MODULES = YES;
				CLANG_ENABLE_OBJC_ARC = YES;
				CLANG_ENABLE_OBJC_WEAK = YES;
				CLANG_WARN_BLOCK_CAPTURE_AUTORELEASING = YES;
				CLANG_WARN_BOOL_CONVERSION = YES;
				CLANG_WARN_COMMA = YES;
				CLANG_WARN_CONSTANT_CONVERSION = YES;
				CLANG_WARN_DEPRECATED_OBJC_IMPLEMENTATIONS = YES;
				CLANG_WARN_DIRECT_OBJC_ISA_USAGE = YES_ERROR;
				CLANG_WARN_DOCUMENTATION_COMMENTS = YES;
				CLANG_WARN_EMPTY_BODY = YES;
				CLANG_WARN_ENUM_CONVERSION = YES;
				CLANG_WARN_INFINITE_RECURSION = YES;
				CLANG_WARN_INT_CONVERSION = YES;
				CLANG_WARN_NON_LITERAL_NULL_CONVERSION = YES;
				CLANG_WARN_OBJC_IMPLICIT_RETAIN_SELF = YES;
				CLANG_WARN_OBJC_LITERAL_CONVERSION = YES;
				CLANG_WARN_OBJC_ROOT_CLASS = YES_ERROR;
				CLANG_WARN_RANGE_LOOP_ANALYSIS = YES;
				CLANG_WARN_STRICT_PROTOTYPES = YES;
				CLANG_WARN_SUSPICIOUS_MOVE = YES;
				CLANG_WARN_UNGUARDED_AVAILABILITY = YES_AGGRESSIVE;
				CLANG_WARN_UNREACHABLE_CODE = YES;
				CLANG_WARN__DUPLICATE_METHOD_MATCH = YES;
				CODE_SIGN_IDENTITY = "iPhone Developer";
				COPY_PHASE_STRIP = NO;
				DEBUG_INFORMATION_FORMAT = "dwarf-with-dsym";
				ENABLE_NS_ASSERTIONS = NO;
				ENABLE_STRICT_OBJC_MSGSEND = YES;
				GCC_C_LANGUAGE_STANDARD = gnu11;
				GCC_NO_COMMON_BLOCKS = YES;
				GCC_WARN_64_TO_32_BIT_CONVERSION = YES;
				GCC_WARN_ABOUT_RETURN_TYPE = YES_ERROR;
				GCC_WARN_UNDECLARED_SELECTOR = YES;
				GCC_WARN_UNINITIALIZED_AUTOS = YES_AGGRESSIVE;
				GCC_WARN_UNUSED_FUNCTION = YES;
				GCC_WARN_UNUSED_VARIABLE = YES;
				IPHONEOS_DEPLOYMENT_TARGET = 12.1;
				MTL_ENABLE_DEBUG_INFO = NO;
				MTL_FAST_MATH = YES;
				SDKROOT = iphoneos;
				SWIFT_COMPILATION_MODE = wholemodule;
				SWIFT_OPTIMIZATION_LEVEL = "-O";
				VALIDATE_PRODUCT = YES;
			};
			name = Release;
		};
		656B310721FA041200591F4C /* Debug */ = {
			isa = XCBuildConfiguration;
			buildSettings = {
				ASSETCATALOG_COMPILER_APPICON_NAME = AppIcon;
				CODE_SIGN_STYLE = Automatic;
				FRAMEWORK_SEARCH_PATHS = (
					"$(inherited)",
					"$(PROJECT_DIR)/Carthage/Build/iOS",
				);
				INFOPLIST_FILE = MeetupApp/Info.plist;
				LD_RUNPATH_SEARCH_PATHS = (
					"$(inherited)",
					"@executable_path/Frameworks",
				);
				PRODUCT_BUNDLE_IDENTIFIER = com.MeetupApp;
				PRODUCT_NAME = "$(TARGET_NAME)";
				SWIFT_VERSION = 4.2;
				TARGETED_DEVICE_FAMILY = "1,2";
			};
			name = Debug;
		};
		656B310821FA041200591F4C /* Release */ = {
			isa = XCBuildConfiguration;
			buildSettings = {
				ASSETCATALOG_COMPILER_APPICON_NAME = AppIcon;
				CODE_SIGN_STYLE = Automatic;
				FRAMEWORK_SEARCH_PATHS = (
					"$(inherited)",
					"$(PROJECT_DIR)/Carthage/Build/iOS",
				);
				INFOPLIST_FILE = MeetupApp/Info.plist;
				LD_RUNPATH_SEARCH_PATHS = (
					"$(inherited)",
					"@executable_path/Frameworks",
				);
				PRODUCT_BUNDLE_IDENTIFIER = com.MeetupApp;
				PRODUCT_NAME = "$(TARGET_NAME)";
				SWIFT_VERSION = 4.2;
				TARGETED_DEVICE_FAMILY = "1,2";
			};
			name = Release;
		};
/* End XCBuildConfiguration section */

/* Begin XCConfigurationList section */
		656B30EF21FA041100591F4C /* Build configuration list for PBXProject "MeetupApp" */ = {
			isa = XCConfigurationList;
			buildConfigurations = (
				656B310421FA041200591F4C /* Debug */,
				656B310521FA041200591F4C /* Release */,
			);
			defaultConfigurationIsVisible = 0;
			defaultConfigurationName = Release;
		};
		656B310621FA041200591F4C /* Build configuration list for PBXNativeTarget "MeetupApp" */ = {
			isa = XCConfigurationList;
			buildConfigurations = (
				656B310721FA041200591F4C /* Debug */,
				656B310821FA041200591F4C /* Release */,
			);
			defaultConfigurationIsVisible = 0;
			defaultConfigurationName = Release;
		};
/* End XCConfigurationList section */
	};
	rootObject = 656B30EC21FA041100591F4C /* Project object */;
}
